# THIS IS AN AUTOGENERATED FILE. DO NOT EDIT THIS FILE DIRECTLY.
# yarn lockfile v1


autosize@^3.0.18:
  version "3.0.20"
  resolved "https://registry.yarnpkg.com/autosize/-/autosize-3.0.20.tgz#e343ea7c5603834738169420f0349dc953e62a9e"

element.scrollintoviewifneeded-polyfill@^1.0.1:
  version "1.0.1"
  resolved "https://registry.yarnpkg.com/element.scrollintoviewifneeded-polyfill/-/element.scrollintoviewifneeded-polyfill-1.0.1.tgz#89a023481e81e7dfd72105c4c9170e83b357454f"

scopedQuerySelectorShim@lazd/scopedQuerySelectorShim:
  version "0.0.0"
  resolved "https://codeload.github.com/lazd/scopedQuerySelectorShim/tar.gz/0ef4855a7944207510cdc0375a43956b2fc18410"

vue-electron@^1.0.6:
  version "1.0.6"
  resolved "https://registry.yarnpkg.com/vue-electron/-/vue-electron-1.0.6.tgz#e798e03180b8933539defe31f92e53b9242b9406"

vue-material@^0.3.3:
  version "0.3.3"
  resolved "https://registry.yarnpkg.com/vue-material/-/vue-material-0.3.3.tgz#7ef050bdc20bee43f9e3c2f5eefb61273eaa0437"
  dependencies:
    autosize "^3.0.18"
    element.scrollintoviewifneeded-polyfill "^1.0.1"
    scopedQuerySelectorShim lazd/scopedQuerySelectorShim
    vue "^2.0.8"

vue-resource@^1.0.3:
  version "1.0.3"
  resolved "https://registry.yarnpkg.com/vue-resource/-/vue-resource-1.0.3.tgz#8d52d0d8a9ed5f2ae704c68d530c84ceaf97be14"

vue-router@^2.1.0:
  version "2.2.0"
  resolved "https://registry.yarnpkg.com/vue-router/-/vue-router-2.2.0.tgz#65a29ce23d718ddf09237938a58a01b3d1acc77c"

vue@2.0.1:
  version "2.0.1"
  resolved "https://registry.yarnpkg.com/vue/-/vue-2.0.1.tgz#ea20979eb5440ea7da086097befd598fb548dbc1"

vue@^2.0.8:
  version "2.1.10"
  resolved "https://registry.yarnpkg.com/vue/-/vue-2.1.10.tgz#c9235ca48c7925137be5807832ac4e3ac180427b"
