# THIS IS AN AUTOGENERATED FILE. DO NOT EDIT THIS FILE DIRECTLY.
# yarn lockfile v1


capture-stack-trace@^1.0.0:
  version "1.0.0"
  resolved "https://registry.yarnpkg.com/capture-stack-trace/-/capture-stack-trace-1.0.0.tgz#4a6fa07399c26bba47f0b2496b4d0fb408c5550d"

codemirror-spell-checker@*:
  version "1.1.2"
  resolved "https://registry.yarnpkg.com/codemirror-spell-checker/-/codemirror-spell-checker-1.1.2.tgz#1c660f9089483ccb5113b9ba9ca19c3f4993371e"
  dependencies:
    typo-js "*"

codemirror@*:
  version "5.26.0"
  resolved "https://registry.yarnpkg.com/codemirror/-/codemirror-5.26.0.tgz#bcbee86816ed123870c260461c2b5c40b68746e5"

conf@^1.0.0:
  version "1.1.1"
  resolved "https://registry.yarnpkg.com/conf/-/conf-1.1.1.tgz#238d0a3090ac4916ed2d40c7e81d7a11667bc7ba"
  dependencies:
    dot-prop "^4.1.0"
    env-paths "^1.0.0"
    make-dir "^1.0.0"
    pkg-up "^2.0.0"

create-error-class@^3.0.0:
  version "3.0.2"
  resolved "https://registry.yarnpkg.com/create-error-class/-/create-error-class-3.0.2.tgz#06be7abef947a3f14a30fd610671d401bca8b7b6"
  dependencies:
    capture-stack-trace "^1.0.0"

dot-prop@^4.1.0:
  version "4.1.1"
  resolved "https://registry.yarnpkg.com/dot-prop/-/dot-prop-4.1.1.tgz#a8493f0b7b5eeec82525b5c7587fa7de7ca859c1"
  dependencies:
    is-obj "^1.0.0"

duplexer3@^0.1.4:
  version "0.1.4"
  resolved "https://registry.yarnpkg.com/duplexer3/-/duplexer3-0.1.4.tgz#ee01dd1cac0ed3cbc7fdbea37dc0a8f1ce002ce2"

electron-config@^1.0.0:
  version "1.0.0"
  resolved "https://registry.yarnpkg.com/electron-config/-/electron-config-1.0.0.tgz#069d044cc794f04784ae72f12916725d3c8c39af"
  dependencies:
    conf "^1.0.0"

env-paths@^1.0.0:
  version "1.0.0"
  resolved "https://registry.yarnpkg.com/env-paths/-/env-paths-1.0.0.tgz#4168133b42bb05c38a35b1ae4397c8298ab369e0"

find-up@^2.1.0:
  version "2.1.0"
  resolved "https://registry.yarnpkg.com/find-up/-/find-up-2.1.0.tgz#45d1b7e506c717ddd482775a2b77920a3c0c57a7"
  dependencies:
    locate-path "^2.0.0"

font-awesome@^4.7.0:
  version "4.7.0"
  resolved "https://registry.yarnpkg.com/font-awesome/-/font-awesome-4.7.0.tgz#8fa8cf0411a1a31afd07b06d2902bb9fc815a133"

get-stream@^3.0.0:
  version "3.0.0"
  resolved "https://registry.yarnpkg.com/get-stream/-/get-stream-3.0.0.tgz#8e943d1358dc37555054ecbe2edb05aa174ede14"

got@^6.7.1:
  version "6.7.1"
  resolved "https://registry.yarnpkg.com/got/-/got-6.7.1.tgz#240cd05785a9a18e561dc1b44b41c763ef1e8db0"
  dependencies:
    create-error-class "^3.0.0"
    duplexer3 "^0.1.4"
    get-stream "^3.0.0"
    is-redirect "^1.0.0"
    is-retry-allowed "^1.0.0"
    is-stream "^1.0.0"
    lowercase-keys "^1.0.0"
    safe-buffer "^5.0.1"
    timed-out "^4.0.0"
    unzip-response "^2.0.1"
    url-parse-lax "^1.0.0"

highlight.js@^9.9.0:
  version "9.11.0"
  resolved "https://registry.yarnpkg.com/highlight.js/-/highlight.js-9.11.0.tgz#47f98c7399918700db2caf230ded12cec41a84ae"

is-obj@^1.0.0:
  version "1.0.1"
  resolved "https://registry.yarnpkg.com/is-obj/-/is-obj-1.0.1.tgz#3e4729ac1f5fde025cd7d83a896dab9f4f67db0f"

is-redirect@^1.0.0:
  version "1.0.0"
  resolved "https://registry.yarnpkg.com/is-redirect/-/is-redirect-1.0.0.tgz#1d03dded53bd8db0f30c26e4f95d36fc7c87dc24"

is-retry-allowed@^1.0.0:
  version "1.1.0"
  resolved "https://registry.yarnpkg.com/is-retry-allowed/-/is-retry-allowed-1.1.0.tgz#11a060568b67339444033d0125a61a20d564fb34"

is-stream@^1.0.0:
  version "1.1.0"
  resolved "https://registry.yarnpkg.com/is-stream/-/is-stream-1.1.0.tgz#12d4a3dd4e68e0b79ceb8dbc84173ae80d91ca44"

locate-path@^2.0.0:
  version "2.0.0"
  resolved "https://registry.yarnpkg.com/locate-path/-/locate-path-2.0.0.tgz#2b568b265eec944c6d9c0de9c3dbbbca0354cd8e"
  dependencies:
    p-locate "^2.0.0"
    path-exists "^3.0.0"

lowercase-keys@^1.0.0:
  version "1.0.0"
  resolved "https://registry.yarnpkg.com/lowercase-keys/-/lowercase-keys-1.0.0.tgz#4e3366b39e7f5457e35f1324bdf6f88d0bfc7306"

make-dir@^1.0.0:
  version "1.0.0"
  resolved "https://registry.yarnpkg.com/make-dir/-/make-dir-1.0.0.tgz#97a011751e91dd87cfadef58832ebb04936de978"
  dependencies:
    pify "^2.3.0"

marked@*:
  version "0.3.6"
  resolved "https://registry.yarnpkg.com/marked/-/marked-0.3.6.tgz#b2c6c618fccece4ef86c4fc6cb8a7cbf5aeda8d7"

p-limit@^1.1.0:
  version "1.1.0"
  resolved "https://registry.yarnpkg.com/p-limit/-/p-limit-1.1.0.tgz#b07ff2d9a5d88bec806035895a2bab66a27988bc"

p-locate@^2.0.0:
  version "2.0.0"
  resolved "https://registry.yarnpkg.com/p-locate/-/p-locate-2.0.0.tgz#20a0103b222a70c8fd39cc2e580680f3dde5ec43"
  dependencies:
    p-limit "^1.1.0"

path-exists@^3.0.0:
  version "3.0.0"
  resolved "https://registry.yarnpkg.com/path-exists/-/path-exists-3.0.0.tgz#ce0ebeaa5f78cb18925ea7d810d7b59b010fd515"

pify@^2.3.0:
  version "2.3.0"
  resolved "https://registry.yarnpkg.com/pify/-/pify-2.3.0.tgz#ed141a6ac043a849ea588498e7dca8b15330e90c"

pkg-up@^2.0.0:
  version "2.0.0"
  resolved "https://registry.yarnpkg.com/pkg-up/-/pkg-up-2.0.0.tgz#c819ac728059a461cab1c3889a2be3c49a004d7f"
  dependencies:
    find-up "^2.1.0"

prepend-http@^1.0.1:
  version "1.0.4"
  resolved "https://registry.yarnpkg.com/prepend-http/-/prepend-http-1.0.4.tgz#d4f4562b0ce3696e41ac52d0e002e57a635dc6dc"

safe-buffer@^5.0.1:
  version "5.0.1"
  resolved "https://registry.yarnpkg.com/safe-buffer/-/safe-buffer-5.0.1.tgz#d263ca54696cd8a306b5ca6551e92de57918fbe7"

simplemde@^1.11.2:
  version "1.11.2"
  resolved "https://registry.yarnpkg.com/simplemde/-/simplemde-1.11.2.tgz#a23a35d978d2c40ef07dec008c92f070d8e080e3"
  dependencies:
    codemirror "*"
    codemirror-spell-checker "*"
    marked "*"

timed-out@^4.0.0:
  version "4.0.1"
  resolved "https://registry.yarnpkg.com/timed-out/-/timed-out-4.0.1.tgz#f32eacac5a175bea25d7fab565ab3ed8741ef56f"

typo-js@*:
  version "1.0.3"
  resolved "https://registry.yarnpkg.com/typo-js/-/typo-js-1.0.3.tgz#54d8ebc7949f1a7810908b6002c6841526c99d5a"

unzip-response@^2.0.1:
  version "2.0.1"
  resolved "https://registry.yarnpkg.com/unzip-response/-/unzip-response-2.0.1.tgz#d2f0f737d16b0615e72a6935ed04214572d56f97"

url-parse-lax@^1.0.0:
  version "1.0.0"
  resolved "https://registry.yarnpkg.com/url-parse-lax/-/url-parse-lax-1.0.0.tgz#7af8f303645e9bd79a272e7a14ac68bc0609da73"
  dependencies:
    prepend-http "^1.0.1"

vue-electron@^1.0.6:
  version "1.0.6"
  resolved "https://registry.yarnpkg.com/vue-electron/-/vue-electron-1.0.6.tgz#e798e03180b8933539defe31f92e53b9242b9406"

vue-i18n@^5.0.1:
  version "5.0.3"
  resolved "https://registry.yarnpkg.com/vue-i18n/-/vue-i18n-5.0.3.tgz#b6d96cc832604237e6139de471e0d4c820aedbed"

vue-material@^0.6.3:
  version "0.6.3"
  resolved "https://registry.yarnpkg.com/vue-material/-/vue-material-0.6.3.tgz#28b7131cdba441d484ac5a2b3bc0a6291319fd0b"
  dependencies:
    vue "^2.1.8"

vue-resource@^1.0.3:
  version "1.3.3"
  resolved "https://registry.yarnpkg.com/vue-resource/-/vue-resource-1.3.3.tgz#6f12cfc77cccd47fb7e07aff6c42d75e34005992"
  dependencies:
    got "^6.7.1"

vue-router@^2.1.2:
  version "2.5.3"
  resolved "https://registry.yarnpkg.com/vue-router/-/vue-router-2.5.3.tgz#073783f564b6aece6c8a59c63e298dc2aabfb51b"

vue-simplemde@^0.3.8:
  version "0.3.8"
  resolved "https://registry.yarnpkg.com/vue-simplemde/-/vue-simplemde-0.3.8.tgz#b99ac5a809b0eb06c244cd720a385da27b9cfda8"
  dependencies:
    highlight.js "^9.9.0"
    simplemde "^1.11.2"

vue@^2.1.10, vue@^2.1.8:
  version "2.3.3"
  resolved "https://registry.yarnpkg.com/vue/-/vue-2.3.3.tgz#d1eaa8fde5240735a4563e74f2c7fead9cbb064c"

vuex@^2.1.2:
  version "2.3.1"
  resolved "https://registry.yarnpkg.com/vuex/-/vuex-2.3.1.tgz#cde8e997c1f9957719bc7dea154f9aa691d981a6"
