# THIS IS AN AUTOGENERATED FILE. DO NOT EDIT THIS FILE DIRECTLY.
# yarn lockfile v1


codemirror-spell-checker@*:
  version "1.1.2"
  resolved "https://registry.yarnpkg.com/codemirror-spell-checker/-/codemirror-spell-checker-1.1.2.tgz#1c660f9089483ccb5113b9ba9ca19c3f4993371e"
  dependencies:
    typo-js "*"

codemirror@*:
  version "5.24.2"
  resolved "https://registry.yarnpkg.com/codemirror/-/codemirror-5.24.2.tgz#b55ca950fa009709c37df68eb133310ed89cf2fe"

conf@^1.0.0:
  version "1.1.1"
  resolved "https://registry.yarnpkg.com/conf/-/conf-1.1.1.tgz#238d0a3090ac4916ed2d40c7e81d7a11667bc7ba"
  dependencies:
    dot-prop "^4.1.0"
    env-paths "^1.0.0"
    make-dir "^1.0.0"
    pkg-up "^2.0.0"

dot-prop@^4.1.0:
  version "4.1.1"
  resolved "https://registry.yarnpkg.com/dot-prop/-/dot-prop-4.1.1.tgz#a8493f0b7b5eeec82525b5c7587fa7de7ca859c1"
  dependencies:
    is-obj "^1.0.0"

electron-config@^1.0.0:
  version "1.0.0"
  resolved "https://registry.yarnpkg.com/electron-config/-/electron-config-1.0.0.tgz#069d044cc794f04784ae72f12916725d3c8c39af"
  dependencies:
    conf "^1.0.0"

env-paths@^1.0.0:
  version "1.0.0"
  resolved "https://registry.yarnpkg.com/env-paths/-/env-paths-1.0.0.tgz#4168133b42bb05c38a35b1ae4397c8298ab369e0"

find-up@^2.1.0:
  version "2.1.0"
  resolved "https://registry.yarnpkg.com/find-up/-/find-up-2.1.0.tgz#45d1b7e506c717ddd482775a2b77920a3c0c57a7"
  dependencies:
    locate-path "^2.0.0"

font-awesome@^4.7.0:
  version "4.7.0"
  resolved "https://registry.yarnpkg.com/font-awesome/-/font-awesome-4.7.0.tgz#8fa8cf0411a1a31afd07b06d2902bb9fc815a133"

is-obj@^1.0.0:
  version "1.0.1"
  resolved "https://registry.yarnpkg.com/is-obj/-/is-obj-1.0.1.tgz#3e4729ac1f5fde025cd7d83a896dab9f4f67db0f"

locate-path@^2.0.0:
  version "2.0.0"
  resolved "https://registry.yarnpkg.com/locate-path/-/locate-path-2.0.0.tgz#2b568b265eec944c6d9c0de9c3dbbbca0354cd8e"
  dependencies:
    p-locate "^2.0.0"
    path-exists "^3.0.0"

make-dir@^1.0.0:
  version "1.0.0"
  resolved "https://registry.yarnpkg.com/make-dir/-/make-dir-1.0.0.tgz#97a011751e91dd87cfadef58832ebb04936de978"
  dependencies:
    pify "^2.3.0"

marked@*:
  version "0.3.6"
  resolved "https://registry.yarnpkg.com/marked/-/marked-0.3.6.tgz#b2c6c618fccece4ef86c4fc6cb8a7cbf5aeda8d7"

p-limit@^1.1.0:
  version "1.1.0"
  resolved "https://registry.yarnpkg.com/p-limit/-/p-limit-1.1.0.tgz#b07ff2d9a5d88bec806035895a2bab66a27988bc"

p-locate@^2.0.0:
  version "2.0.0"
  resolved "https://registry.yarnpkg.com/p-locate/-/p-locate-2.0.0.tgz#20a0103b222a70c8fd39cc2e580680f3dde5ec43"
  dependencies:
    p-limit "^1.1.0"

path-exists@^3.0.0:
  version "3.0.0"
  resolved "https://registry.yarnpkg.com/path-exists/-/path-exists-3.0.0.tgz#ce0ebeaa5f78cb18925ea7d810d7b59b010fd515"

pify@^2.3.0:
  version "2.3.0"
  resolved "https://registry.yarnpkg.com/pify/-/pify-2.3.0.tgz#ed141a6ac043a849ea588498e7dca8b15330e90c"

pkg-up@^2.0.0:
  version "2.0.0"
  resolved "https://registry.yarnpkg.com/pkg-up/-/pkg-up-2.0.0.tgz#c819ac728059a461cab1c3889a2be3c49a004d7f"
  dependencies:
    find-up "^2.1.0"

simplemde@^1.11.2:
  version "1.11.2"
  resolved "https://registry.yarnpkg.com/simplemde/-/simplemde-1.11.2.tgz#a23a35d978d2c40ef07dec008c92f070d8e080e3"
  dependencies:
    codemirror "*"
    codemirror-spell-checker "*"
    marked "*"

typo-js@*:
  version "1.0.3"
  resolved "https://registry.yarnpkg.com/typo-js/-/typo-js-1.0.3.tgz#54d8ebc7949f1a7810908b6002c6841526c99d5a"

vue-electron@^1.0.6:
  version "1.0.6"
  resolved "https://registry.yarnpkg.com/vue-electron/-/vue-electron-1.0.6.tgz#e798e03180b8933539defe31f92e53b9242b9406"

vue-i18n@^5.0.1:
  version "5.0.1"
  resolved "https://registry.yarnpkg.com/vue-i18n/-/vue-i18n-5.0.1.tgz#80b53b0a2bce6d2c84cdb02f98ea35b7a01fba00"

vue-material@^0.6.3:
  version "0.6.3"
  resolved "https://registry.yarnpkg.com/vue-material/-/vue-material-0.6.3.tgz#28b7131cdba441d484ac5a2b3bc0a6291319fd0b"
  dependencies:
    vue "^2.1.8"

vue-resource@^1.0.3:
  version "1.0.3"
  resolved "https://registry.yarnpkg.com/vue-resource/-/vue-resource-1.0.3.tgz#8d52d0d8a9ed5f2ae704c68d530c84ceaf97be14"

vue-router@^2.1.2:
  version "2.2.0"
  resolved "https://registry.yarnpkg.com/vue-router/-/vue-router-2.2.0.tgz#65a29ce23d718ddf09237938a58a01b3d1acc77c"

vue@^2.1.10, vue@^2.1.8:
  version "2.1.10"
  resolved "https://registry.yarnpkg.com/vue/-/vue-2.1.10.tgz#c9235ca48c7925137be5807832ac4e3ac180427b"

vuex@^2.1.2:
  version "2.1.2"
  resolved "https://registry.yarnpkg.com/vuex/-/vuex-2.1.2.tgz#15d2da62dd6ff59c071f0a91cd4f434eacf6ca6c"
